// !$*UTF8*$!
{
	archiveVersion = 1;
	classes = {
	};
	objectVersion = 48;
	objects = {

/* Begin PBXBuildFile section */
		4510D515200B67E600C233D0 /* ConcentrationThemeChooserViewController.swift in Sources */ = {isa = PBXBuildFile; fileRef = 4510D514200B67E600C233D0 /* ConcentrationThemeChooserViewController.swift */; };
		45289794200C4A7D00BCD3AF /* VCLLoggingViewController.swift in Sources */ = {isa = PBXBuildFile; fileRef = 45289793200C4A7D00BCD3AF /* VCLLoggingViewController.swift */; };
		456312732008FE750007E7C3 /* AppDelegate.swift in Sources */ = {isa = PBXBuildFile; fileRef = 456312722008FE750007E7C3 /* AppDelegate.swift */; };
		456312752008FE750007E7C3 /* ConcentrationViewController.swift in Sources */ = {isa = PBXBuildFile; fileRef = 456312742008FE750007E7C3 /* ConcentrationViewController.swift */; };
		456312782008FE750007E7C3 /* Main.storyboard in Resources */ = {isa = PBXBuildFile; fileRef = 456312762008FE750007E7C3 /* Main.storyboard */; };
		4563127A2008FE750007E7C3 /* Assets.xcassets in Resources */ = {isa = PBXBuildFile; fileRef = 456312792008FE750007E7C3 /* Assets.xcassets */; };
		4563127D2008FE750007E7C3 /* LaunchScreen.storyboard in Resources */ = {isa = PBXBuildFile; fileRef = 4563127B2008FE750007E7C3 /* LaunchScreen.storyboard */; };
		456312892009F7B90007E7C3 /* Concentration.swift in Sources */ = {isa = PBXBuildFile; fileRef = 456312882009F7B90007E7C3 /* Concentration.swift */; };
		4563128B2009F8610007E7C3 /* Card.swift in Sources */ = {isa = PBXBuildFile; fileRef = 4563128A2009F8610007E7C3 /* Card.swift */; };
/* End PBXBuildFile section */

/* Begin PBXFileReference section */
		4510D514200B67E600C233D0 /* ConcentrationThemeChooserViewController.swift */ = {isa = PBXFileReference; lastKnownFileType = sourcecode.swift; path = ConcentrationThemeChooserViewController.swift; sourceTree = "<group>"; };
		45289793200C4A7D00BCD3AF /* VCLLoggingViewController.swift */ = {isa = PBXFileReference; fileEncoding = 4; lastKnownFileType = sourcecode.swift; path = VCLLoggingViewController.swift; sourceTree = "<group>"; };
		4563126F2008FE750007E7C3 /* Concentration.app */ = {isa = PBXFileReference; explicitFileType = wrapper.application; includeInIndex = 0; path = Concentration.app; sourceTree = BUILT_PRODUCTS_DIR; };
		456312722008FE750007E7C3 /* AppDelegate.swift */ = {isa = PBXFileReference; lastKnownFileType = sourcecode.swift; path = AppDelegate.swift; sourceTree = "<group>"; };
		456312742008FE750007E7C3 /* ConcentrationViewController.swift */ = {isa = PBXFileReference; lastKnownFileType = sourcecode.swift; path = ConcentrationViewController.swift; sourceTree = "<group>"; };
		456312772008FE750007E7C3 /* Base */ = {isa = PBXFileReference; lastKnownFileType = file.storyboard; name = Base; path = Base.lproj/Main.storyboard; sourceTree = "<group>"; };
		456312792008FE750007E7C3 /* Assets.xcassets */ = {isa = PBXFileReference; lastKnownFileType = folder.assetcatalog; path = Assets.xcassets; sourceTree = "<group>"; };
		4563127C2008FE750007E7C3 /* Base */ = {isa = PBXFileReference; lastKnownFileType = file.storyboard; name = Base; path = Base.lproj/LaunchScreen.storyboard; sourceTree = "<group>"; };
		4563127E2008FE750007E7C3 /* Info.plist */ = {isa = PBXFileReference; lastKnownFileType = text.plist.xml; path = Info.plist; sourceTree = "<group>"; };
		456312882009F7B90007E7C3 /* Concentration.swift */ = {isa = PBXFileReference; lastKnownFileType = sourcecode.swift; path = Concentration.swift; sourceTree = "<group>"; };
		4563128A2009F8610007E7C3 /* Card.swift */ = {isa = PBXFileReference; lastKnownFileType = sourcecode.swift; path = Card.swift; sourceTree = "<group>"; };
/* End PBXFileReference section */

/* Begin PBXFrameworksBuildPhase section */
		4563126C2008FE750007E7C3 /* Frameworks */ = {
			isa = PBXFrameworksBuildPhase;
			buildActionMask = 2147483647;
			files = (
			);
			runOnlyForDeploymentPostprocessing = 0;
		};
/* End PBXFrameworksBuildPhase section */

/* Begin PBXGroup section */
		456312662008FE750007E7C3 = {
			isa = PBXGroup;
			children = (
				456312712008FE750007E7C3 /* Concentration */,
				456312702008FE750007E7C3 /* Products */,
			);
			sourceTree = "<group>";
		};
		456312702008FE750007E7C3 /* Products */ = {
			isa = PBXGroup;
			children = (
				4563126F2008FE750007E7C3 /* Concentration.app */,
			);
			name = Products;
			sourceTree = "<group>";
		};
		456312712008FE750007E7C3 /* Concentration */ = {
			isa = PBXGroup;
			children = (
				456312842008FE850007E7C3 /* Resources */,
				456312872009F7A30007E7C3 /* Model */,
				456312852008FE8B0007E7C3 /* View */,
				456312862008FE910007E7C3 /* Controller */,
			);
			path = Concentration;
			sourceTree = "<group>";
		};
		456312842008FE850007E7C3 /* Resources */ = {
			isa = PBXGroup;
			children = (
				456312792008FE750007E7C3 /* Assets.xcassets */,
				4563127E2008FE750007E7C3 /* Info.plist */,
			);
			path = Resources;
			sourceTree = "<group>";
		};
		456312852008FE8B0007E7C3 /* View */ = {
			isa = PBXGroup;
			children = (
				4563127B2008FE750007E7C3 /* LaunchScreen.storyboard */,
				456312762008FE750007E7C3 /* Main.storyboard */,
			);
			path = View;
			sourceTree = "<group>";
		};
		456312862008FE910007E7C3 /* Controller */ = {
			isa = PBXGroup;
			children = (
				456312722008FE750007E7C3 /* AppDelegate.swift */,
				456312742008FE750007E7C3 /* ConcentrationViewController.swift */,
				4510D514200B67E600C233D0 /* ConcentrationThemeChooserViewController.swift */,
				45289793200C4A7D00BCD3AF /* VCLLoggingViewController.swift */,
			);
			path = Controller;
			sourceTree = "<group>";
		};
		456312872009F7A30007E7C3 /* Model */ = {
			isa = PBXGroup;
			children = (
				456312882009F7B90007E7C3 /* Concentration.swift */,
				4563128A2009F8610007E7C3 /* Card.swift */,
			);
			path = Model;
			sourceTree = "<group>";
		};
/* End PBXGroup section */

/* Begin PBXNativeTarget section */
		4563126E2008FE750007E7C3 /* Concentration */ = {
			isa = PBXNativeTarget;
			buildConfigurationList = 456312812008FE750007E7C3 /* Build configuration list for PBXNativeTarget "Concentration" */;
			buildPhases = (
				4563126B2008FE750007E7C3 /* Sources */,
				4563126C2008FE750007E7C3 /* Frameworks */,
				4563126D2008FE750007E7C3 /* Resources */,
			);
			buildRules = (
			);
			dependencies = (
			);
			name = Concentration;
			productName = Concentration;
			productReference = 4563126F2008FE750007E7C3 /* Concentration.app */;
			productType = "com.apple.product-type.application";
		};
/* End PBXNativeTarget section */

/* Begin PBXProject section */
		456312672008FE750007E7C3 /* Project object */ = {
			isa = PBXProject;
			attributes = {
				LastSwiftUpdateCheck = 0920;
				LastUpgradeCheck = 0920;
				ORGANIZATIONNAME = "Chris Huang";
				TargetAttributes = {
					4563126E2008FE750007E7C3 = {
						CreatedOnToolsVersion = 9.2;
						ProvisioningStyle = Automatic;
					};
				};
			};
			buildConfigurationList = 4563126A2008FE750007E7C3 /* Build configuration list for PBXProject "Concentration" */;
			compatibilityVersion = "Xcode 8.0";
			developmentRegion = en;
			hasScannedForEncodings = 0;
			knownRegions = (
				en,
				Base,
			);
			mainGroup = 456312662008FE750007E7C3;
			productRefGroup = 456312702008FE750007E7C3 /* Products */;
			projectDirPath = "";
			projectRoot = "";
			targets = (
				4563126E2008FE750007E7C3 /* Concentration */,
			);
		};
/* End PBXProject section */

/* Begin PBXResourcesBuildPhase section */
		4563126D2008FE750007E7C3 /* Resources */ = {
			isa = PBXResourcesBuildPhase;
			buildActionMask = 2147483647;
			files = (
				4563127D2008FE750007E7C3 /* LaunchScreen.storyboard in Resources */,
				4563127A2008FE750007E7C3 /* Assets.xcassets in Resources */,
				456312782008FE750007E7C3 /* Main.storyboard in Resources */,
			);
			runOnlyForDeploymentPostprocessing = 0;
		};
/* End PBXResourcesBuildPhase section */

/* Begin PBXSourcesBuildPhase section */
		4563126B2008FE750007E7C3 /* Sources */ = {
			isa = PBXSourcesBuildPhase;
			buildActionMask = 2147483647;
			files = (
				45289794200C4A7D00BCD3AF /* VCLLoggingViewController.swift in Sources */,
				4510D515200B67E600C233D0 /* ConcentrationThemeChooserViewController.swift in Sources */,
				456312752008FE750007E7C3 /* ConcentrationViewController.swift in Sources */,
				456312732008FE750007E7C3 /* AppDelegate.swift in Sources */,
				456312892009F7B90007E7C3 /* Concentration.swift in Sources */,
				4563128B2009F8610007E7C3 /* Card.swift in Sources */,
			);
			runOnlyForDeploymentPostprocessing = 0;
		};
/* End PBXSourcesBuildPhase section */

/* Begin PBXVariantGroup section */
		456312762008FE750007E7C3 /* Main.storyboard */ = {
			isa = PBXVariantGroup;
			children = (
				456312772008FE750007E7C3 /* Base */,
			);
			name = Main.storyboard;
			sourceTree = "<group>";
		};
		4563127B2008FE750007E7C3 /* LaunchScreen.storyboard */ = {
			isa = PBXVariantGroup;
			children = (
				4563127C2008FE750007E7C3 /* Base */,
			);
			name = LaunchScreen.storyboard;
			sourceTree = "<group>";
		};
/* End PBXVariantGroup section */

/* Begin XCBuildConfiguration section */
		4563127F2008FE750007E7C3 /* Debug */ = {
			isa = XCBuildConfiguration;
			buildSettings = {
				ALWAYS_SEARCH_USER_PATHS = NO;
				CLANG_ANALYZER_NONNULL = YES;
				CLANG_ANALYZER_NUMBER_OBJECT_CONVERSION = YES_AGGRESSIVE;
				CLANG_CXX_LANGUAGE_STANDARD = "gnu++14";
				CLANG_CXX_LIBRARY = "libc++";
				CLANG_ENABLE_MODULES = YES;
				CLANG_ENABLE_OBJC_ARC = YES;
				CLANG_WARN_BLOCK_CAPTURE_AUTORELEASING = YES;
				CLANG_WARN_BOOL_CONVERSION = YES;
				CLANG_WARN_COMMA = YES;
				CLANG_WARN_CONSTANT_CONVERSION = YES;
				CLANG_WARN_DIRECT_OBJC_ISA_USAGE = YES_ERROR;
				CLANG_WARN_DOCUMENTATION_COMMENTS = YES;
				CLANG_WARN_EMPTY_BODY = YES;
				CLANG_WARN_ENUM_CONVERSION = YES;
				CLANG_WARN_INFINITE_RECURSION = YES;
				CLANG_WARN_INT_CONVERSION = YES;
				CLANG_WARN_NON_LITERAL_NULL_CONVERSION = YES;
				CLANG_WARN_OBJC_LITERAL_CONVERSION = YES;
				CLANG_WARN_OBJC_ROOT_CLASS = YES_ERROR;
				CLANG_WARN_RANGE_LOOP_ANALYSIS = YES;
				CLANG_WARN_STRICT_PROTOTYPES = YES;
				CLANG_WARN_SUSPICIOUS_MOVE = YES;
				CLANG_WARN_UNGUARDED_AVAILABILITY = YES_AGGRESSIVE;
				CLANG_WARN_UNREACHABLE_CODE = YES;
				CLANG_WARN__DUPLICATE_METHOD_MATCH = YES;
				CODE_SIGN_IDENTITY = "iPhone Developer";
				COPY_PHASE_STRIP = NO;
				DEBUG_INFORMATION_FORMAT = dwarf;
				ENABLE_STRICT_OBJC_MSGSEND = YES;
				ENABLE_TESTABILITY = YES;
				GCC_C_LANGUAGE_STANDARD = gnu11;
				GCC_DYNAMIC_NO_PIC = NO;
				GCC_NO_COMMON_BLOCKS = YES;
				GCC_OPTIMIZATION_LEVEL = 0;
				GCC_PREPROCESSOR_DEFINITIONS = (
					"DEBUG=1",
					"$(inherited)",
				);
				GCC_WARN_64_TO_32_BIT_CONVERSION = YES;
				GCC_WARN_ABOUT_RETURN_TYPE = YES_ERROR;
				GCC_WARN_UNDECLARED_SELECTOR = YES;
				GCC_WARN_UNINITIALIZED_AUTOS = YES_AGGRESSIVE;
				GCC_WARN_UNUSED_FUNCTION = YES;
				GCC_WARN_UNUSED_VARIABLE = YES;
				IPHONEOS_DEPLOYMENT_TARGET = 11.2;
				MTL_ENABLE_DEBUG_INFO = YES;
				ONLY_ACTIVE_ARCH = YES;
				SDKROOT = iphoneos;
				SWIFT_ACTIVE_COMPILATION_CONDITIONS = DEBUG;
				SWIFT_OPTIMIZATION_LEVEL = "-Onone";
			};
			name = Debug;
		};
		456312802008FE750007E7C3 /* Release */ = {
			isa = XCBuildConfiguration;
			buildSettings = {
				ALWAYS_SEARCH_USER_PATHS = NO;
				CLANG_ANALYZER_NONNULL = YES;
				CLANG_ANALYZER_NUMBER_OBJECT_CONVERSION = YES_AGGRESSIVE;
				CLANG_CXX_LANGUAGE_STANDARD = "gnu++14";
				CLANG_CXX_LIBRARY = "libc++";
				CLANG_ENABLE_MODULES = YES;
				CLANG_ENABLE_OBJC_ARC = YES;
				CLANG_WARN_BLOCK_CAPTURE_AUTORELEASING = YES;
				CLANG_WARN_BOOL_CONVERSION = YES;
				CLANG_WARN_COMMA = YES;
				CLANG_WARN_CONSTANT_CONVERSION = YES;
				CLANG_WARN_DIRECT_OBJC_ISA_USAGE = YES_ERROR;
				CLANG_WARN_DOCUMENTATION_COMMENTS = YES;
				CLANG_WARN_EMPTY_BODY = YES;
				CLANG_WARN_ENUM_CONVERSION = YES;
				CLANG_WARN_INFINITE_RECURSION = YES;
				CLANG_WARN_INT_CONVERSION = YES;
				CLANG_WARN_NON_LITERAL_NULL_CONVERSION = YES;
				CLANG_WARN_OBJC_LITERAL_CONVERSION = YES;
				CLANG_WARN_OBJC_ROOT_CLASS = YES_ERROR;
				CLANG_WARN_RANGE_LOOP_ANALYSIS = YES;
				CLANG_WARN_STRICT_PROTOTYPES = YES;
				CLANG_WARN_SUSPICIOUS_MOVE = YES;
				CLANG_WARN_UNGUARDED_AVAILABILITY = YES_AGGRESSIVE;
				CLANG_WARN_UNREACHABLE_CODE = YES;
				CLANG_WARN__DUPLICATE_METHOD_MATCH = YES;
				CODE_SIGN_IDENTITY = "iPhone Developer";
				COPY_PHASE_STRIP = NO;
				DEBUG_INFORMATION_FORMAT = "dwarf-with-dsym";
				ENABLE_NS_ASSERTIONS = NO;
				ENABLE_STRICT_OBJC_MSGSEND = YES;
				GCC_C_LANGUAGE_STANDARD = gnu11;
				GCC_NO_COMMON_BLOCKS = YES;
				GCC_WARN_64_TO_32_BIT_CONVERSION = YES;
				GCC_WARN_ABOUT_RETURN_TYPE = YES_ERROR;
				GCC_WARN_UNDECLARED_SELECTOR = YES;
				GCC_WARN_UNINITIALIZED_AUTOS = YES_AGGRESSIVE;
				GCC_WARN_UNUSED_FUNCTION = YES;
				GCC_WARN_UNUSED_VARIABLE = YES;
				IPHONEOS_DEPLOYMENT_TARGET = 11.2;
				MTL_ENABLE_DEBUG_INFO = NO;
				SDKROOT = iphoneos;
				SWIFT_OPTIMIZATION_LEVEL = "-Owholemodule";
				VALIDATE_PRODUCT = YES;
			};
			name = Release;
		};
		456312822008FE750007E7C3 /* Debug */ = {
			isa = XCBuildConfiguration;
			buildSettings = {
				ASSETCATALOG_COMPILER_APPICON_NAME = AppIcon;
				CODE_SIGN_STYLE = Automatic;
				DEVELOPMENT_TEAM = 9H46LQG73T;
				INFOPLIST_FILE = "$(SRCROOT)/Concentration/Resources/Info.plist";
				LD_RUNPATH_SEARCH_PATHS = "$(inherited) @executable_path/Frameworks";
				PRODUCT_BUNDLE_IDENTIFIER = com.devxris.Concentration;
				PRODUCT_NAME = "$(TARGET_NAME)";
				SWIFT_VERSION = 4.0;
				TARGETED_DEVICE_FAMILY = "1,2";
			};
			name = Debug;
		};
		456312832008FE750007E7C3 /* Release */ = {
			isa = XCBuildConfiguration;
			buildSettings = {
				ASSETCATALOG_COMPILER_APPICON_NAME = AppIcon;
				CODE_SIGN_STYLE = Automatic;
				DEVELOPMENT_TEAM = 9H46LQG73T;
				INFOPLIST_FILE = "$(SRCROOT)/Concentration/Resources/Info.plist";
				LD_RUNPATH_SEARCH_PATHS = "$(inherited) @executable_path/Frameworks";
				PRODUCT_BUNDLE_IDENTIFIER = com.devxris.Concentration;
				PRODUCT_NAME = "$(TARGET_NAME)";
				SWIFT_VERSION = 4.0;
				TARGETED_DEVICE_FAMILY = "1,2";
			};
			name = Release;
		};
/* End XCBuildConfiguration section */

/* Begin XCConfigurationList section */
		4563126A2008FE750007E7C3 /* Build configuration list for PBXProject "Concentration" */ = {
			isa = XCConfigurationList;
			buildConfigurations = (
				4563127F2008FE750007E7C3 /* Debug */,
				456312802008FE750007E7C3 /* Release */,
			);
			defaultConfigurationIsVisible = 0;
			defaultConfigurationName = Release;
		};
		456312812008FE750007E7C3 /* Build configuration list for PBXNativeTarget "Concentration" */ = {
			isa = XCConfigurationList;
			buildConfigurations = (
				456312822008FE750007E7C3 /* Debug */,
				456312832008FE750007E7C3 /* Release */,
			);
			defaultConfigurationIsVisible = 0;
			defaultConfigurationName = Release;
		};
/* End XCConfigurationList section */
	};
	rootObject = 456312672008FE750007E7C3 /* Project object */;
}
